
Microsoft Visual Studio Solution File, Format Version 12.00
# Visual Studio Version 17
VisualStudioVersion = 17.8.34408.163
MinimumVisualStudioVersion = 10.0.40219.1
Project("{FAE04EC0-301F-11D3-BF4B-00C04F79EFBC}") = "Fighting_Chess_v3", "Fighting_Chess_v3\Fighting_Chess_v3.csproj", "{41DC734A-B84B-4DB1-AC2A-75A69EAF6A0D}"
EndProject
Global
	GlobalSection(SolutionConfigurationPlatforms) = preSolution
		Debug|Any CPU = Debug|Any CPU
		Release|Any CPU = Release|Any CPU
	EndGlobalSection
	GlobalSection(ProjectConfigurationPlatforms) = postSolution
		{41DC734A-B84B-4DB1-AC2A-75A69EAF6A0D}.Debug|Any CPU.ActiveCfg = Debug|Any CPU
		{41DC734A-B84B-4DB1-AC2A-75A69EAF6A0D}.Debug|Any CPU.Build.0 = Debug|Any CPU
		{41DC734A-B84B-4DB1-AC2A-75A69EAF6A0D}.Release|Any CPU.ActiveCfg = Release|Any CPU
		{41DC734A-B84B-4DB1-AC2A-75A69EAF6A0D}.Release|Any CPU.Build.0 = Release|Any CPU
	EndGlobalSection
	GlobalSection(SolutionProperties) = preSolution
		HideSolutionNode = FALSE
	EndGlobalSection
	GlobalSection(ExtensibilityGlobals) = postSolution
		SolutionGuid = {20FE9DA4-9647-450A-B4E7-770BD6ED67E9}
	EndGlobalSection
EndGlobal
